
Microsoft Visual Studio Solution File, Format Version 12.00
# Visual Studio Version 16
VisualStudioVersion = 16.0.30114.105
MinimumVisualStudioVersion = 10.0.40219.1
Project("{FAE04EC0-301F-11D3-BF4B-00C04F79EFBC}") = "Pahally", "Pahally.csproj", "{A1D685CE-94DD-428E-98EA-59F0F842EBA0}"
EndProject
Global
	GlobalSection(SolutionConfigurationPlatforms) = preSolution
		Debug|Any CPU = Debug|Any CPU
		Release|Any CPU = Release|Any CPU
	EndGlobalSection
	GlobalSection(ProjectConfigurationPlatforms) = postSolution
		{A1D685CE-94DD-428E-98EA-59F0F842EBA0}.Debug|Any CPU.ActiveCfg = Debug|Any CPU
		{A1D685CE-94DD-428E-98EA-59F0F842EBA0}.Debug|Any CPU.Build.0 = Debug|Any CPU
		{A1D685CE-94DD-428E-98EA-59F0F842EBA0}.Release|Any CPU.ActiveCfg = Release|Any CPU
		{A1D685CE-94DD-428E-98EA-59F0F842EBA0}.Release|Any CPU.Build.0 = Release|Any CPU
	EndGlobalSection
	GlobalSection(SolutionProperties) = preSolution
		HideSolutionNode = FALSE
	EndGlobalSection
	GlobalSection(ExtensibilityGlobals) = postSolution
		SolutionGuid = {F93C48D5-ABC7-4F4E-9BC5-5104BCD2D282}
	EndGlobalSection
EndGlobal
